
Microsoft Visual Studio Solution File, Format Version 12.00
# Visual Studio Version 17
VisualStudioVersion = 17.14.36121.58
MinimumVisualStudioVersion = 10.0.40219.1
Project("{FAE04EC0-301F-11D3-BF4B-00C04F79EFBC}") = "TabulaLuma", "TabulaLuma\TabulaLuma.csproj", "{91953593-D8C2-444A-872B-D77416A92A62}"
EndProject
Project("{FAE04EC0-301F-11D3-BF4B-00C04F79EFBC}") = "FrameCodeGenerator", "FrameCodeGenerator\FrameCodeGenerator.csproj", "{030607F5-FB4D-100B-074C-6D750A1E8EFC}"
EndProject
Project("{FAE04EC0-301F-11D3-BF4B-00C04F79EFBC}") = "TabulaLuma.Examples", "TabulaLuma.Examples\TabulaLuma.Examples.csproj", "{16782051-9734-B7F1-C561-4B3493D5FBBC}"
EndProject
Global
	GlobalSection(SolutionConfigurationPlatforms) = preSolution
		Debug|Any CPU = Debug|Any CPU
		Release|Any CPU = Release|Any CPU
	EndGlobalSection
	GlobalSection(ProjectConfigurationPlatforms) = postSolution
		{91953593-D8C2-444A-872B-D77416A92A62}.Debug|Any CPU.ActiveCfg = Debug|Any CPU
		{91953593-D8C2-444A-872B-D77416A92A62}.Debug|Any CPU.Build.0 = Debug|Any CPU
		{91953593-D8C2-444A-872B-D77416A92A62}.Release|Any CPU.ActiveCfg = Release|Any CPU
		{91953593-D8C2-444A-872B-D77416A92A62}.Release|Any CPU.Build.0 = Release|Any CPU
		{030607F5-FB4D-100B-074C-6D750A1E8EFC}.Debug|Any CPU.ActiveCfg = Debug|Any CPU
		{030607F5-FB4D-100B-074C-6D750A1E8EFC}.Debug|Any CPU.Build.0 = Debug|Any CPU
		{030607F5-FB4D-100B-074C-6D750A1E8EFC}.Release|Any CPU.ActiveCfg = Release|Any CPU
		{030607F5-FB4D-100B-074C-6D750A1E8EFC}.Release|Any CPU.Build.0 = Release|Any CPU
		{16782051-9734-B7F1-C561-4B3493D5FBBC}.Debug|Any CPU.ActiveCfg = Debug|Any CPU
		{16782051-9734-B7F1-C561-4B3493D5FBBC}.Debug|Any CPU.Build.0 = Debug|Any CPU
		{16782051-9734-B7F1-C561-4B3493D5FBBC}.Release|Any CPU.ActiveCfg = Release|Any CPU
		{16782051-9734-B7F1-C561-4B3493D5FBBC}.Release|Any CPU.Build.0 = Release|Any CPU
	EndGlobalSection
	GlobalSection(SolutionProperties) = preSolution
		HideSolutionNode = FALSE
	EndGlobalSection
	GlobalSection(ExtensibilityGlobals) = postSolution
		SolutionGuid = {5BA85BA6-0A51-489F-AB8A-6BE1AC0B4A10}
	EndGlobalSection
EndGlobal
